
Microsoft Visual Studio Solution File, Format Version 12.00
# Visual Studio Version 16
VisualStudioVersion = 16.0.30128.74
MinimumVisualStudioVersion = 10.0.40219.1
Project("{FAE04EC0-301F-11D3-BF4B-00C04F79EFBC}") = "WpfApp1", "WpfApp1\WpfApp1.csproj", "{1DF8FE77-496C-4750-82DC-AD4EC0129ABD}"
EndProject
Global
	GlobalSection(SolutionConfigurationPlatforms) = preSolution
		Debug|Any CPU = Debug|Any CPU
		Release|Any CPU = Release|Any CPU
	EndGlobalSection
	GlobalSection(ProjectConfigurationPlatforms) = postSolution
		{1DF8FE77-496C-4750-82DC-AD4EC0129ABD}.Debug|Any CPU.ActiveCfg = Debug|Any CPU
		{1DF8FE77-496C-4750-82DC-AD4EC0129ABD}.Debug|Any CPU.Build.0 = Debug|Any CPU
		{1DF8FE77-496C-4750-82DC-AD4EC0129ABD}.Release|Any CPU.ActiveCfg = Release|Any CPU
		{1DF8FE77-496C-4750-82DC-AD4EC0129ABD}.Release|Any CPU.Build.0 = Release|Any CPU
	EndGlobalSection
	GlobalSection(SolutionProperties) = preSolution
		HideSolutionNode = FALSE
	EndGlobalSection
	GlobalSection(ExtensibilityGlobals) = postSolution
		SolutionGuid = {9D4C23F3-9759-44E5-81B3-7F5A2FB380FD}
	EndGlobalSection
EndGlobal
