
Microsoft Visual Studio Solution File, Format Version 12.00
# Visual Studio Version 16
VisualStudioVersion = 16.0.29926.136
MinimumVisualStudioVersion = 10.0.40219.1
Project("{FAE04EC0-301F-11D3-BF4B-00C04F79EFBC}") = "GirishLibrary", "GirishLibrary\GirishLibrary.csproj", "{35BE6D56-4E9C-474C-BEAA-9DC2F12D09B5}"
EndProject
Project("{FAE04EC0-301F-11D3-BF4B-00C04F79EFBC}") = "GirishHost", "GirishHost\GirishHost.csproj", "{C4AFFE93-0443-42F1-8649-D97AEF6479CF}"
EndProject
Global
	GlobalSection(SolutionConfigurationPlatforms) = preSolution
		Debug|Any CPU = Debug|Any CPU
		Release|Any CPU = Release|Any CPU
	EndGlobalSection
	GlobalSection(ProjectConfigurationPlatforms) = postSolution
		{35BE6D56-4E9C-474C-BEAA-9DC2F12D09B5}.Debug|Any CPU.ActiveCfg = Debug|Any CPU
		{35BE6D56-4E9C-474C-BEAA-9DC2F12D09B5}.Debug|Any CPU.Build.0 = Debug|Any CPU
		{35BE6D56-4E9C-474C-BEAA-9DC2F12D09B5}.Release|Any CPU.ActiveCfg = Release|Any CPU
		{35BE6D56-4E9C-474C-BEAA-9DC2F12D09B5}.Release|Any CPU.Build.0 = Release|Any CPU
		{C4AFFE93-0443-42F1-8649-D97AEF6479CF}.Debug|Any CPU.ActiveCfg = Debug|Any CPU
		{C4AFFE93-0443-42F1-8649-D97AEF6479CF}.Debug|Any CPU.Build.0 = Debug|Any CPU
		{C4AFFE93-0443-42F1-8649-D97AEF6479CF}.Release|Any CPU.ActiveCfg = Release|Any CPU
		{C4AFFE93-0443-42F1-8649-D97AEF6479CF}.Release|Any CPU.Build.0 = Release|Any CPU
	EndGlobalSection
	GlobalSection(SolutionProperties) = preSolution
		HideSolutionNode = FALSE
	EndGlobalSection
	GlobalSection(ExtensibilityGlobals) = postSolution
		SolutionGuid = {0717ACAB-8A3D-40A6-8A21-1B90F2A4330B}
	EndGlobalSection
EndGlobal
