
Microsoft Visual Studio Solution File, Format Version 12.00
# Visual Studio Version 16
VisualStudioVersion = 16.0.29926.136
MinimumVisualStudioVersion = 10.0.40219.1
Project("{FAE04EC0-301F-11D3-BF4B-00C04F79EFBC}") = "WpfApp1", "WpfApp1\WpfApp1.csproj", "{92E0DB37-D06B-405D-BAF9-DD03A1F8DB5C}"
EndProject
Global
	GlobalSection(SolutionConfigurationPlatforms) = preSolution
		Debug|Any CPU = Debug|Any CPU
		Release|Any CPU = Release|Any CPU
	EndGlobalSection
	GlobalSection(ProjectConfigurationPlatforms) = postSolution
		{92E0DB37-D06B-405D-BAF9-DD03A1F8DB5C}.Debug|Any CPU.ActiveCfg = Debug|Any CPU
		{92E0DB37-D06B-405D-BAF9-DD03A1F8DB5C}.Debug|Any CPU.Build.0 = Debug|Any CPU
		{92E0DB37-D06B-405D-BAF9-DD03A1F8DB5C}.Release|Any CPU.ActiveCfg = Release|Any CPU
		{92E0DB37-D06B-405D-BAF9-DD03A1F8DB5C}.Release|Any CPU.Build.0 = Release|Any CPU
	EndGlobalSection
	GlobalSection(SolutionProperties) = preSolution
		HideSolutionNode = FALSE
	EndGlobalSection
	GlobalSection(ExtensibilityGlobals) = postSolution
		SolutionGuid = {073B2314-09B4-4FFF-85F3-87F8E0E910BE}
	EndGlobalSection
EndGlobal
