
Microsoft Visual Studio Solution File, Format Version 12.00
# Visual Studio Version 16
VisualStudioVersion = 16.0.29926.136
MinimumVisualStudioVersion = 10.0.40219.1
Project("{FAE04EC0-301F-11D3-BF4B-00C04F79EFBC}") = "GirishLibrary", "GirishLibrary\GirishLibrary.csproj", "{20614AC6-189F-4FF6-8AFB-638180B7AE6A}"
EndProject
Project("{FAE04EC0-301F-11D3-BF4B-00C04F79EFBC}") = "GirishHost", "GirishHost\GirishHost.csproj", "{6ADA50B2-DB5B-4053-ADBD-A5E50A588A91}"
EndProject
Global
	GlobalSection(SolutionConfigurationPlatforms) = preSolution
		Debug|Any CPU = Debug|Any CPU
		Release|Any CPU = Release|Any CPU
	EndGlobalSection
	GlobalSection(ProjectConfigurationPlatforms) = postSolution
		{20614AC6-189F-4FF6-8AFB-638180B7AE6A}.Debug|Any CPU.ActiveCfg = Debug|Any CPU
		{20614AC6-189F-4FF6-8AFB-638180B7AE6A}.Debug|Any CPU.Build.0 = Debug|Any CPU
		{20614AC6-189F-4FF6-8AFB-638180B7AE6A}.Release|Any CPU.ActiveCfg = Release|Any CPU
		{20614AC6-189F-4FF6-8AFB-638180B7AE6A}.Release|Any CPU.Build.0 = Release|Any CPU
		{6ADA50B2-DB5B-4053-ADBD-A5E50A588A91}.Debug|Any CPU.ActiveCfg = Debug|Any CPU
		{6ADA50B2-DB5B-4053-ADBD-A5E50A588A91}.Debug|Any CPU.Build.0 = Debug|Any CPU
		{6ADA50B2-DB5B-4053-ADBD-A5E50A588A91}.Release|Any CPU.ActiveCfg = Release|Any CPU
		{6ADA50B2-DB5B-4053-ADBD-A5E50A588A91}.Release|Any CPU.Build.0 = Release|Any CPU
	EndGlobalSection
	GlobalSection(SolutionProperties) = preSolution
		HideSolutionNode = FALSE
	EndGlobalSection
	GlobalSection(ExtensibilityGlobals) = postSolution
		SolutionGuid = {88AE39FD-6923-48D7-8455-D8ABF19FEA04}
	EndGlobalSection
EndGlobal
