
Microsoft Visual Studio Solution File, Format Version 12.00
# Visual Studio Version 16
VisualStudioVersion = 16.0.29926.136
MinimumVisualStudioVersion = 10.0.40219.1
Project("{FAE04EC0-301F-11D3-BF4B-00C04F79EFBC}") = "ConsoleApp2", "ConsoleApp2\ConsoleApp2.csproj", "{2B70C7E8-0D13-4826-AFAE-1006E9F5946D}"
EndProject
Project("{FAE04EC0-301F-11D3-BF4B-00C04F79EFBC}") = "WpfApp1", "WpfApp1\WpfApp1.csproj", "{234E1DE0-EB5D-4882-8765-CF061CCA0A08}"
EndProject
Global
	GlobalSection(SolutionConfigurationPlatforms) = preSolution
		Debug|Any CPU = Debug|Any CPU
		Release|Any CPU = Release|Any CPU
	EndGlobalSection
	GlobalSection(ProjectConfigurationPlatforms) = postSolution
		{2B70C7E8-0D13-4826-AFAE-1006E9F5946D}.Debug|Any CPU.ActiveCfg = Debug|Any CPU
		{2B70C7E8-0D13-4826-AFAE-1006E9F5946D}.Debug|Any CPU.Build.0 = Debug|Any CPU
		{2B70C7E8-0D13-4826-AFAE-1006E9F5946D}.Release|Any CPU.ActiveCfg = Release|Any CPU
		{2B70C7E8-0D13-4826-AFAE-1006E9F5946D}.Release|Any CPU.Build.0 = Release|Any CPU
		{234E1DE0-EB5D-4882-8765-CF061CCA0A08}.Debug|Any CPU.ActiveCfg = Debug|Any CPU
		{234E1DE0-EB5D-4882-8765-CF061CCA0A08}.Debug|Any CPU.Build.0 = Debug|Any CPU
		{234E1DE0-EB5D-4882-8765-CF061CCA0A08}.Release|Any CPU.ActiveCfg = Release|Any CPU
		{234E1DE0-EB5D-4882-8765-CF061CCA0A08}.Release|Any CPU.Build.0 = Release|Any CPU
	EndGlobalSection
	GlobalSection(SolutionProperties) = preSolution
		HideSolutionNode = FALSE
	EndGlobalSection
	GlobalSection(ExtensibilityGlobals) = postSolution
		SolutionGuid = {9FFFC345-E048-4DF0-8EE2-3518586BC2CA}
	EndGlobalSection
EndGlobal
