
Microsoft Visual Studio Solution File, Format Version 12.00
# Visual Studio Version 16
VisualStudioVersion = 16.0.29926.136
MinimumVisualStudioVersion = 10.0.40219.1
Project("{FAE04EC0-301F-11D3-BF4B-00C04F79EFBC}") = "WpfApp5", "WpfApp5\WpfApp5.csproj", "{890C3137-CA56-4A4A-AB52-85F8856F8E47}"
EndProject
Global
	GlobalSection(SolutionConfigurationPlatforms) = preSolution
		Debug|Any CPU = Debug|Any CPU
		Release|Any CPU = Release|Any CPU
	EndGlobalSection
	GlobalSection(ProjectConfigurationPlatforms) = postSolution
		{890C3137-CA56-4A4A-AB52-85F8856F8E47}.Debug|Any CPU.ActiveCfg = Debug|Any CPU
		{890C3137-CA56-4A4A-AB52-85F8856F8E47}.Debug|Any CPU.Build.0 = Debug|Any CPU
		{890C3137-CA56-4A4A-AB52-85F8856F8E47}.Release|Any CPU.ActiveCfg = Release|Any CPU
		{890C3137-CA56-4A4A-AB52-85F8856F8E47}.Release|Any CPU.Build.0 = Release|Any CPU
	EndGlobalSection
	GlobalSection(SolutionProperties) = preSolution
		HideSolutionNode = FALSE
	EndGlobalSection
	GlobalSection(ExtensibilityGlobals) = postSolution
		SolutionGuid = {81B27E84-A341-4ECB-AB1D-9FC9D4F96C2D}
	EndGlobalSection
EndGlobal
